
Microsoft Visual Studio Solution File, Format Version 12.00
# Visual Studio Version 17
VisualStudioVersion = 17.2.32314.265
MinimumVisualStudioVersion = 10.0.40219.1
Project("{9A19103F-16F7-4668-BE54-9A1E7A4F7556}") = "BlazorReorderExample", "BlazorReorderExample\BlazorReorderExample.csproj", "{43EF61CE-4621-48DB-8648-AA686391D140}"
EndProject
Project("{9A19103F-16F7-4668-BE54-9A1E7A4F7556}") = "BlazorReorderList", "BlazorReorderList\BlazorReorderList.csproj", "{3DCD1165-CC1D-4015-A6D4-CE97E8A4A72B}"
EndProject
Global
	GlobalSection(SolutionConfigurationPlatforms) = preSolution
		Debug|Any CPU = Debug|Any CPU
		Release|Any CPU = Release|Any CPU
	EndGlobalSection
	GlobalSection(ProjectConfigurationPlatforms) = postSolution
		{43EF61CE-4621-48DB-8648-AA686391D140}.Debug|Any CPU.ActiveCfg = Debug|Any CPU
		{43EF61CE-4621-48DB-8648-AA686391D140}.Debug|Any CPU.Build.0 = Debug|Any CPU
		{43EF61CE-4621-48DB-8648-AA686391D140}.Release|Any CPU.ActiveCfg = Release|Any CPU
		{43EF61CE-4621-48DB-8648-AA686391D140}.Release|Any CPU.Build.0 = Release|Any CPU
		{3DCD1165-CC1D-4015-A6D4-CE97E8A4A72B}.Debug|Any CPU.ActiveCfg = Debug|Any CPU
		{3DCD1165-CC1D-4015-A6D4-CE97E8A4A72B}.Debug|Any CPU.Build.0 = Debug|Any CPU
		{3DCD1165-CC1D-4015-A6D4-CE97E8A4A72B}.Release|Any CPU.ActiveCfg = Release|Any CPU
		{3DCD1165-CC1D-4015-A6D4-CE97E8A4A72B}.Release|Any CPU.Build.0 = Release|Any CPU
	EndGlobalSection
	GlobalSection(SolutionProperties) = preSolution
		HideSolutionNode = FALSE
	EndGlobalSection
	GlobalSection(ExtensibilityGlobals) = postSolution
		SolutionGuid = {262F1B49-21EC-4CB7-8160-302BA4B8EC16}
	EndGlobalSection
EndGlobal
